<Solution>
  <Folder Name="/.github/" />
  <Folder Name="/.github/workflows/">
    <File Path="ci.yml" />
  </Folder>
  <Folder Name="/Core/">
    <Project Path="Src/Core/Application/Application.csproj" />
    <Project Path="Src/Core/Domain/Domain.csproj" />
  </Folder>
  <Folder Name="/Infrastructure/">
    <Project Path="Src/Infrastructure/Infrastructure/Infrastructure.csproj" />
  </Folder>
  <Folder Name="/Presentation/">
    <Project Path="Src/Presentation/WebApi/WebApi.csproj" />
  </Folder>
  <Folder Name="/Test/">
    <Project Path="Test/Domain/DomainTest.csproj" Id="739d66c9-2a48-48c4-91db-8cbe0df731f7" />
  </Folder>
</Solution>
